// !$*UTF8*$!
{
	archiveVersion = 1;
	classes = {
	};
	objectVersion = 50;
	objects = {

/* Begin PBXBuildFile section */
		2D43B2C224365EDD0033CA92 /* AppDelegate.swift in Sources */ = {isa = PBXBuildFile; fileRef = 2D43B2C124365EDD0033CA92 /* AppDelegate.swift */; };
		2D43B2C424365EDD0033CA92 /* SceneDelegate.swift in Sources */ = {isa = PBXBuildFile; fileRef = 2D43B2C324365EDD0033CA92 /* SceneDelegate.swift */; };
		2D43B2C624365EDD0033CA92 /* ContentView.swift in Sources */ = {isa = PBXBuildFile; fileRef = 2D43B2C524365EDD0033CA92 /* ContentView.swift */; };
		2D43B2C824365EDF0033CA92 /* Assets.xcassets in Resources */ = {isa = PBXBuildFile; fileRef = 2D43B2C724365EDF0033CA92 /* Assets.xcassets */; };
		2D43B2CB24365EDF0033CA92 /* Preview Assets.xcassets in Resources */ = {isa = PBXBuildFile; fileRef = 2D43B2CA24365EDF0033CA92 /* Preview Assets.xcassets */; };
		2D43B2CE24365EDF0033CA92 /* LaunchScreen.storyboard in Resources */ = {isa = PBXBuildFile; fileRef = 2D43B2CC24365EDF0033CA92 /* LaunchScreen.storyboard */; };
		2D43B2D7243683700033CA92 /* CardView.swift in Sources */ = {isa = PBXBuildFile; fileRef = 2D43B2D6243683700033CA92 /* CardView.swift */; };
/* End PBXBuildFile section */

/* Begin PBXFileReference section */
		2D43B2BE24365EDD0033CA92 /* SlotsDemo.app */ = {isa = PBXFileReference; explicitFileType = wrapper.application; includeInIndex = 0; path = SlotsDemo.app; sourceTree = BUILT_PRODUCTS_DIR; };
		2D43B2C124365EDD0033CA92 /* AppDelegate.swift */ = {isa = PBXFileReference; lastKnownFileType = sourcecode.swift; path = AppDelegate.swift; sourceTree = "<group>"; };
		2D43B2C324365EDD0033CA92 /* SceneDelegate.swift */ = {isa = PBXFileReference; lastKnownFileType = sourcecode.swift; path = SceneDelegate.swift; sourceTree = "<group>"; };
		2D43B2C524365EDD0033CA92 /* ContentView.swift */ = {isa = PBXFileReference; lastKnownFileType = sourcecode.swift; path = ContentView.swift; sourceTree = "<group>"; };
		2D43B2C724365EDF0033CA92 /* Assets.xcassets */ = {isa = PBXFileReference; lastKnownFileType = folder.assetcatalog; path = Assets.xcassets; sourceTree = "<group>"; };
		2D43B2CA24365EDF0033CA92 /* Preview Assets.xcassets */ = {isa = PBXFileReference; lastKnownFileType = folder.assetcatalog; path = "Preview Assets.xcassets"; sourceTree = "<group>"; };
		2D43B2CD24365EDF0033CA92 /* Base */ = {isa = PBXFileReference; lastKnownFileType = file.storyboard; name = Base; path = Base.lproj/LaunchScreen.storyboard; sourceTree = "<group>"; };
		2D43B2CF24365EDF0033CA92 /* Info.plist */ = {isa = PBXFileReference; lastKnownFileType = text.plist.xml; path = Info.plist; sourceTree = "<group>"; };
		2D43B2D6243683700033CA92 /* CardView.swift */ = {isa = PBXFileReference; lastKnownFileType = sourcecode.swift; path = CardView.swift; sourceTree = "<group>"; };
/* End PBXFileReference section */

/* Begin PBXFrameworksBuildPhase section */
		2D43B2BB24365EDD0033CA92 /* Frameworks */ = {
			isa = PBXFrameworksBuildPhase;
			buildActionMask = 2147483647;
			files = (
			);
			runOnlyForDeploymentPostprocessing = 0;
		};
/* End PBXFrameworksBuildPhase section */

/* Begin PBXGroup section */
		2D43B2B524365EDD0033CA92 = {
			isa = PBXGroup;
			children = (
				2D43B2C024365EDD0033CA92 /* SlotsDemo */,
				2D43B2BF24365EDD0033CA92 /* Products */,
			);
			sourceTree = "<group>";
		};
		2D43B2BF24365EDD0033CA92 /* Products */ = {
			isa = PBXGroup;
			children = (
				2D43B2BE24365EDD0033CA92 /* SlotsDemo.app */,
			);
			name = Products;
			sourceTree = "<group>";
		};
		2D43B2C024365EDD0033CA92 /* SlotsDemo */ = {
			isa = PBXGroup;
			children = (
				2D43B2D52436835C0033CA92 /* Views */,
				2D43B2C124365EDD0033CA92 /* AppDelegate.swift */,
				2D43B2C324365EDD0033CA92 /* SceneDelegate.swift */,
				2D43B2C524365EDD0033CA92 /* ContentView.swift */,
				2D43B2C724365EDF0033CA92 /* Assets.xcassets */,
				2D43B2CC24365EDF0033CA92 /* LaunchScreen.storyboard */,
				2D43B2CF24365EDF0033CA92 /* Info.plist */,
				2D43B2C924365EDF0033CA92 /* Preview Content */,
			);
			path = SlotsDemo;
			sourceTree = "<group>";
		};
		2D43B2C924365EDF0033CA92 /* Preview Content */ = {
			isa = PBXGroup;
			children = (
				2D43B2CA24365EDF0033CA92 /* Preview Assets.xcassets */,
			);
			path = "Preview Content";
			sourceTree = "<group>";
		};
		2D43B2D52436835C0033CA92 /* Views */ = {
			isa = PBXGroup;
			children = (
				2D43B2D6243683700033CA92 /* CardView.swift */,
			);
			path = Views;
			sourceTree = "<group>";
		};
/* End PBXGroup section */

/* Begin PBXNativeTarget section */
		2D43B2BD24365EDD0033CA92 /* SlotsDemo */ = {
			isa = PBXNativeTarget;
			buildConfigurationList = 2D43B2D224365EDF0033CA92 /* Build configuration list for PBXNativeTarget "SlotsDemo" */;
			buildPhases = (
				2D43B2BA24365EDD0033CA92 /* Sources */,
				2D43B2BB24365EDD0033CA92 /* Frameworks */,
				2D43B2BC24365EDD0033CA92 /* Resources */,
			);
			buildRules = (
			);
			dependencies = (
			);
			name = SlotsDemo;
			productName = SlotsDemo;
			productReference = 2D43B2BE24365EDD0033CA92 /* SlotsDemo.app */;
			productType = "com.apple.product-type.application";
		};
/* End PBXNativeTarget section */

/* Begin PBXProject section */
		2D43B2B624365EDD0033CA92 /* Project object */ = {
			isa = PBXProject;
			attributes = {
				LastSwiftUpdateCheck = 1140;
				LastUpgradeCheck = 1140;
				ORGANIZATIONNAME = "David Silva";
				TargetAttributes = {
					2D43B2BD24365EDD0033CA92 = {
						CreatedOnToolsVersion = 11.4;
					};
				};
			};
			buildConfigurationList = 2D43B2B924365EDD0033CA92 /* Build configuration list for PBXProject "SlotsDemo" */;
			compatibilityVersion = "Xcode 9.3";
			developmentRegion = en;
			hasScannedForEncodings = 0;
			knownRegions = (
				en,
				Base,
			);
			mainGroup = 2D43B2B524365EDD0033CA92;
			productRefGroup = 2D43B2BF24365EDD0033CA92 /* Products */;
			projectDirPath = "";
			projectRoot = "";
			targets = (
				2D43B2BD24365EDD0033CA92 /* SlotsDemo */,
			);
		};
/* End PBXProject section */

/* Begin PBXResourcesBuildPhase section */
		2D43B2BC24365EDD0033CA92 /* Resources */ = {
			isa = PBXResourcesBuildPhase;
			buildActionMask = 2147483647;
			files = (
				2D43B2CE24365EDF0033CA92 /* LaunchScreen.storyboard in Resources */,
				2D43B2CB24365EDF0033CA92 /* Preview Assets.xcassets in Resources */,
				2D43B2C824365EDF0033CA92 /* Assets.xcassets in Resources */,
			);
			runOnlyForDeploymentPostprocessing = 0;
		};
/* End PBXResourcesBuildPhase section */

/* Begin PBXSourcesBuildPhase section */
		2D43B2BA24365EDD0033CA92 /* Sources */ = {
			isa = PBXSourcesBuildPhase;
			buildActionMask = 2147483647;
			files = (
				2D43B2C224365EDD0033CA92 /* AppDelegate.swift in Sources */,
				2D43B2C424365EDD0033CA92 /* SceneDelegate.swift in Sources */,
				2D43B2D7243683700033CA92 /* CardView.swift in Sources */,
				2D43B2C624365EDD0033CA92 /* ContentView.swift in Sources */,
			);
			runOnlyForDeploymentPostprocessing = 0;
		};
/* End PBXSourcesBuildPhase section */

/* Begin PBXVariantGroup section */
		2D43B2CC24365EDF0033CA92 /* LaunchScreen.storyboard */ = {
			isa = PBXVariantGroup;
			children = (
				2D43B2CD24365EDF0033CA92 /* Base */,
			);
			name = LaunchScreen.storyboard;
			sourceTree = "<group>";
		};
/* End PBXVariantGroup section */

/* Begin XCBuildConfiguration section */
		2D43B2D024365EDF0033CA92 /* Debug */ = {
			isa = XCBuildConfiguration;
			buildSettings = {
				ALWAYS_SEARCH_USER_PATHS = NO;
				CLANG_ANALYZER_NONNULL = YES;
				CLANG_ANALYZER_NUMBER_OBJECT_CONVERSION = YES_AGGRESSIVE;
				CLANG_CXX_LANGUAGE_STANDARD = "gnu++14";
				CLANG_CXX_LIBRARY = "libc++";
				CLANG_ENABLE_MODULES = YES;
				CLANG_ENABLE_OBJC_ARC = YES;
				CLANG_ENABLE_OBJC_WEAK = YES;
				CLANG_WARN_BLOCK_CAPTURE_AUTORELEASING = YES;
				CLANG_WARN_BOOL_CONVERSION = YES;
				CLANG_WARN_COMMA = YES;
				CLANG_WARN_CONSTANT_CONVERSION = YES;
				CLANG_WARN_DEPRECATED_OBJC_IMPLEMENTATIONS = YES;
				CLANG_WARN_DIRECT_OBJC_ISA_USAGE = YES_ERROR;
				CLANG_WARN_DOCUMENTATION_COMMENTS = YES;
				CLANG_WARN_EMPTY_BODY = YES;
				CLANG_WARN_ENUM_CONVERSION = YES;
				CLANG_WARN_INFINITE_RECURSION = YES;
				CLANG_WARN_INT_CONVERSION = YES;
				CLANG_WARN_NON_LITERAL_NULL_CONVERSION = YES;
				CLANG_WARN_OBJC_IMPLICIT_RETAIN_SELF = YES;
				CLANG_WARN_OBJC_LITERAL_CONVERSION = YES;
				CLANG_WARN_OBJC_ROOT_CLASS = YES_ERROR;
				CLANG_WARN_RANGE_LOOP_ANALYSIS = YES;
				CLANG_WARN_STRICT_PROTOTYPES = YES;
				CLANG_WARN_SUSPICIOUS_MOVE = YES;
				CLANG_WARN_UNGUARDED_AVAILABILITY = YES_AGGRESSIVE;
				CLANG_WARN_UNREACHABLE_CODE = YES;
				CLANG_WARN__DUPLICATE_METHOD_MATCH = YES;
				COPY_PHASE_STRIP = NO;
				DEBUG_INFORMATION_FORMAT = dwarf;
				ENABLE_STRICT_OBJC_MSGSEND = YES;
				ENABLE_TESTABILITY = YES;
				GCC_C_LANGUAGE_STANDARD = gnu11;
				GCC_DYNAMIC_NO_PIC = NO;
				GCC_NO_COMMON_BLOCKS = YES;
				GCC_OPTIMIZATION_LEVEL = 0;
				GCC_PREPROCESSOR_DEFINITIONS = (
					"DEBUG=1",
					"$(inherited)",
				);
				GCC_WARN_64_TO_32_BIT_CONVERSION = YES;
				GCC_WARN_ABOUT_RETURN_TYPE = YES_ERROR;
				GCC_WARN_UNDECLARED_SELECTOR = YES;
				GCC_WARN_UNINITIALIZED_AUTOS = YES_AGGRESSIVE;
				GCC_WARN_UNUSED_FUNCTION = YES;
				GCC_WARN_UNUSED_VARIABLE = YES;
				IPHONEOS_DEPLOYMENT_TARGET = 13.4;
				MTL_ENABLE_DEBUG_INFO = INCLUDE_SOURCE;
				MTL_FAST_MATH = YES;
				ONLY_ACTIVE_ARCH = YES;
				SDKROOT = iphoneos;
				SWIFT_ACTIVE_COMPILATION_CONDITIONS = DEBUG;
				SWIFT_OPTIMIZATION_LEVEL = "-Onone";
			};
			name = Debug;
		};
		2D43B2D124365EDF0033CA92 /* Release */ = {
			isa = XCBuildConfiguration;
			buildSettings = {
				ALWAYS_SEARCH_USER_PATHS = NO;
				CLANG_ANALYZER_NONNULL = YES;
				CLANG_ANALYZER_NUMBER_OBJECT_CONVERSION = YES_AGGRESSIVE;
				CLANG_CXX_LANGUAGE_STANDARD = "gnu++14";
				CLANG_CXX_LIBRARY = "libc++";
				CLANG_ENABLE_MODULES = YES;
				CLANG_ENABLE_OBJC_ARC = YES;
				CLANG_ENABLE_OBJC_WEAK = YES;
				CLANG_WARN_BLOCK_CAPTURE_AUTORELEASING = YES;
				CLANG_WARN_BOOL_CONVERSION = YES;
				CLANG_WARN_COMMA = YES;
				CLANG_WARN_CONSTANT_CONVERSION = YES;
				CLANG_WARN_DEPRECATED_OBJC_IMPLEMENTATIONS = YES;
				CLANG_WARN_DIRECT_OBJC_ISA_USAGE = YES_ERROR;
				CLANG_WARN_DOCUMENTATION_COMMENTS = YES;
				CLANG_WARN_EMPTY_BODY = YES;
				CLANG_WARN_ENUM_CONVERSION = YES;
				CLANG_WARN_INFINITE_RECURSION = YES;
				CLANG_WARN_INT_CONVERSION = YES;
				CLANG_WARN_NON_LITERAL_NULL_CONVERSION = YES;
				CLANG_WARN_OBJC_IMPLICIT_RETAIN_SELF = YES;
				CLANG_WARN_OBJC_LITERAL_CONVERSION = YES;
				CLANG_WARN_OBJC_ROOT_CLASS = YES_ERROR;
				CLANG_WARN_RANGE_LOOP_ANALYSIS = YES;
				CLANG_WARN_STRICT_PROTOTYPES = YES;
				CLANG_WARN_SUSPICIOUS_MOVE = YES;
				CLANG_WARN_UNGUARDED_AVAILABILITY = YES_AGGRESSIVE;
				CLANG_WARN_UNREACHABLE_CODE = YES;
				CLANG_WARN__DUPLICATE_METHOD_MATCH = YES;
				COPY_PHASE_STRIP = NO;
				DEBUG_INFORMATION_FORMAT = "dwarf-with-dsym";
				ENABLE_NS_ASSERTIONS = NO;
				ENABLE_STRICT_OBJC_MSGSEND = YES;
				GCC_C_LANGUAGE_STANDARD = gnu11;
				GCC_NO_COMMON_BLOCKS = YES;
				GCC_WARN_64_TO_32_BIT_CONVERSION = YES;
				GCC_WARN_ABOUT_RETURN_TYPE = YES_ERROR;
				GCC_WARN_UNDECLARED_SELECTOR = YES;
				GCC_WARN_UNINITIALIZED_AUTOS = YES_AGGRESSIVE;
				GCC_WARN_UNUSED_FUNCTION = YES;
				GCC_WARN_UNUSED_VARIABLE = YES;
				IPHONEOS_DEPLOYMENT_TARGET = 13.4;
				MTL_ENABLE_DEBUG_INFO = NO;
				MTL_FAST_MATH = YES;
				SDKROOT = iphoneos;
				SWIFT_COMPILATION_MODE = wholemodule;
				SWIFT_OPTIMIZATION_LEVEL = "-O";
				VALIDATE_PRODUCT = YES;
			};
			name = Release;
		};
		2D43B2D324365EDF0033CA92 /* Debug */ = {
			isa = XCBuildConfiguration;
			buildSettings = {
				ASSETCATALOG_COMPILER_APPICON_NAME = AppIcon;
				CODE_SIGN_STYLE = Automatic;
				DEVELOPMENT_ASSET_PATHS = "\"SlotsDemo/Preview Content\"";
				DEVELOPMENT_TEAM = 8SB6QYQUT4;
				ENABLE_PREVIEWS = YES;
				INFOPLIST_FILE = SlotsDemo/Info.plist;
				LD_RUNPATH_SEARCH_PATHS = (
					"$(inherited)",
					"@executable_path/Frameworks",
				);
				PRODUCT_BUNDLE_IDENTIFIER = uk.davidslv.SlotsDemo;
				PRODUCT_NAME = "$(TARGET_NAME)";
				SWIFT_VERSION = 5.0;
				TARGETED_DEVICE_FAMILY = "1,2";
			};
			name = Debug;
		};
		2D43B2D424365EDF0033CA92 /* Release */ = {
			isa = XCBuildConfiguration;
			buildSettings = {
				ASSETCATALOG_COMPILER_APPICON_NAME = AppIcon;
				CODE_SIGN_STYLE = Automatic;
				DEVELOPMENT_ASSET_PATHS = "\"SlotsDemo/Preview Content\"";
				DEVELOPMENT_TEAM = 8SB6QYQUT4;
				ENABLE_PREVIEWS = YES;
				INFOPLIST_FILE = SlotsDemo/Info.plist;
				LD_RUNPATH_SEARCH_PATHS = (
					"$(inherited)",
					"@executable_path/Frameworks",
				);
				PRODUCT_BUNDLE_IDENTIFIER = uk.davidslv.SlotsDemo;
				PRODUCT_NAME = "$(TARGET_NAME)";
				SWIFT_VERSION = 5.0;
				TARGETED_DEVICE_FAMILY = "1,2";
			};
			name = Release;
		};
/* End XCBuildConfiguration section */

/* Begin XCConfigurationList section */
		2D43B2B924365EDD0033CA92 /* Build configuration list for PBXProject "SlotsDemo" */ = {
			isa = XCConfigurationList;
			buildConfigurations = (
				2D43B2D024365EDF0033CA92 /* Debug */,
				2D43B2D124365EDF0033CA92 /* Release */,
			);
			defaultConfigurationIsVisible = 0;
			defaultConfigurationName = Release;
		};
		2D43B2D224365EDF0033CA92 /* Build configuration list for PBXNativeTarget "SlotsDemo" */ = {
			isa = XCConfigurationList;
			buildConfigurations = (
				2D43B2D324365EDF0033CA92 /* Debug */,
				2D43B2D424365EDF0033CA92 /* Release */,
			);
			defaultConfigurationIsVisible = 0;
			defaultConfigurationName = Release;
		};
/* End XCConfigurationList section */
	};
	rootObject = 2D43B2B624365EDD0033CA92 /* Project object */;
}
